
Microsoft Visual Studio Solution File, Format Version 12.00
# Visual Studio 15
VisualStudioVersion = 15.0.26124.0
MinimumVisualStudioVersion = 15.0.26124.0
Project("{FAE04EC0-301F-11D3-BF4B-00C04F79EFBC}") = "ProAgil.WebAPI", "ProAgil.WebAPI\ProAgil.WebAPI.csproj", "{70DB3F31-B8FC-4CCE-9E60-5F7C5328D995}"
EndProject
Project("{FAE04EC0-301F-11D3-BF4B-00C04F79EFBC}") = "ProAgil.Repository", "ProAgil.Repository\ProAgil.Repository.csproj", "{F12435B6-A3B2-4FA9-9C8A-4965AADC7928}"
EndProject
Project("{FAE04EC0-301F-11D3-BF4B-00C04F79EFBC}") = "ProAgil.Domain", "ProAgil.Domain\ProAgil.Domain.csproj", "{96B77906-4AC8-4DA7-962B-68D9539957F4}"
EndProject
Global
	GlobalSection(SolutionConfigurationPlatforms) = preSolution
		Debug|Any CPU = Debug|Any CPU
		Debug|x64 = Debug|x64
		Debug|x86 = Debug|x86
		Release|Any CPU = Release|Any CPU
		Release|x64 = Release|x64
		Release|x86 = Release|x86
	EndGlobalSection
	GlobalSection(SolutionProperties) = preSolution
		HideSolutionNode = FALSE
	EndGlobalSection
	GlobalSection(ProjectConfigurationPlatforms) = postSolution
		{70DB3F31-B8FC-4CCE-9E60-5F7C5328D995}.Debug|Any CPU.ActiveCfg = Debug|Any CPU
		{70DB3F31-B8FC-4CCE-9E60-5F7C5328D995}.Debug|Any CPU.Build.0 = Debug|Any CPU
		{70DB3F31-B8FC-4CCE-9E60-5F7C5328D995}.Debug|x64.ActiveCfg = Debug|Any CPU
		{70DB3F31-B8FC-4CCE-9E60-5F7C5328D995}.Debug|x64.Build.0 = Debug|Any CPU
		{70DB3F31-B8FC-4CCE-9E60-5F7C5328D995}.Debug|x86.ActiveCfg = Debug|Any CPU
		{70DB3F31-B8FC-4CCE-9E60-5F7C5328D995}.Debug|x86.Build.0 = Debug|Any CPU
		{70DB3F31-B8FC-4CCE-9E60-5F7C5328D995}.Release|Any CPU.ActiveCfg = Release|Any CPU
		{70DB3F31-B8FC-4CCE-9E60-5F7C5328D995}.Release|Any CPU.Build.0 = Release|Any CPU
		{70DB3F31-B8FC-4CCE-9E60-5F7C5328D995}.Release|x64.ActiveCfg = Release|Any CPU
		{70DB3F31-B8FC-4CCE-9E60-5F7C5328D995}.Release|x64.Build.0 = Release|Any CPU
		{70DB3F31-B8FC-4CCE-9E60-5F7C5328D995}.Release|x86.ActiveCfg = Release|Any CPU
		{70DB3F31-B8FC-4CCE-9E60-5F7C5328D995}.Release|x86.Build.0 = Release|Any CPU
		{F12435B6-A3B2-4FA9-9C8A-4965AADC7928}.Debug|Any CPU.ActiveCfg = Debug|Any CPU
		{F12435B6-A3B2-4FA9-9C8A-4965AADC7928}.Debug|Any CPU.Build.0 = Debug|Any CPU
		{F12435B6-A3B2-4FA9-9C8A-4965AADC7928}.Debug|x64.ActiveCfg = Debug|Any CPU
		{F12435B6-A3B2-4FA9-9C8A-4965AADC7928}.Debug|x64.Build.0 = Debug|Any CPU
		{F12435B6-A3B2-4FA9-9C8A-4965AADC7928}.Debug|x86.ActiveCfg = Debug|Any CPU
		{F12435B6-A3B2-4FA9-9C8A-4965AADC7928}.Debug|x86.Build.0 = Debug|Any CPU
		{F12435B6-A3B2-4FA9-9C8A-4965AADC7928}.Release|Any CPU.ActiveCfg = Release|Any CPU
		{F12435B6-A3B2-4FA9-9C8A-4965AADC7928}.Release|Any CPU.Build.0 = Release|Any CPU
		{F12435B6-A3B2-4FA9-9C8A-4965AADC7928}.Release|x64.ActiveCfg = Release|Any CPU
		{F12435B6-A3B2-4FA9-9C8A-4965AADC7928}.Release|x64.Build.0 = Release|Any CPU
		{F12435B6-A3B2-4FA9-9C8A-4965AADC7928}.Release|x86.ActiveCfg = Release|Any CPU
		{F12435B6-A3B2-4FA9-9C8A-4965AADC7928}.Release|x86.Build.0 = Release|Any CPU
		{96B77906-4AC8-4DA7-962B-68D9539957F4}.Debug|Any CPU.ActiveCfg = Debug|Any CPU
		{96B77906-4AC8-4DA7-962B-68D9539957F4}.Debug|Any CPU.Build.0 = Debug|Any CPU
		{96B77906-4AC8-4DA7-962B-68D9539957F4}.Debug|x64.ActiveCfg = Debug|Any CPU
		{96B77906-4AC8-4DA7-962B-68D9539957F4}.Debug|x64.Build.0 = Debug|Any CPU
		{96B77906-4AC8-4DA7-962B-68D9539957F4}.Debug|x86.ActiveCfg = Debug|Any CPU
		{96B77906-4AC8-4DA7-962B-68D9539957F4}.Debug|x86.Build.0 = Debug|Any CPU
		{96B77906-4AC8-4DA7-962B-68D9539957F4}.Release|Any CPU.ActiveCfg = Release|Any CPU
		{96B77906-4AC8-4DA7-962B-68D9539957F4}.Release|Any CPU.Build.0 = Release|Any CPU
		{96B77906-4AC8-4DA7-962B-68D9539957F4}.Release|x64.ActiveCfg = Release|Any CPU
		{96B77906-4AC8-4DA7-962B-68D9539957F4}.Release|x64.Build.0 = Release|Any CPU
		{96B77906-4AC8-4DA7-962B-68D9539957F4}.Release|x86.ActiveCfg = Release|Any CPU
		{96B77906-4AC8-4DA7-962B-68D9539957F4}.Release|x86.Build.0 = Release|Any CPU
	EndGlobalSection
EndGlobal
